<?xml version="1.0" encoding="utf-8"?>
<Project ToolsVersion="4.0" xmlns="http://schemas.microsoft.com/developer/msbuild/2003">
  <ItemGroup>
    <Filter Include="Source Files">
      <UniqueIdentifier>{4FC737F1-C7A5-4376-A066-2A32D752A2FF}</UniqueIdentifier>
      <Extensions>cpp;c;cc;cxx;def;odl;idl;hpj;bat;asm;asmx</Extensions>
    </Filter>
    <Filter Include="Header Files">
      <UniqueIdentifier>{93995380-89BD-4b04-88EB-625FBE52EBFB}</UniqueIdentifier>
      <Extensions>h;hh;hpp;hxx;hm;inl;inc;xsd</Extensions>
    </Filter>
    <Filter Include="Resource Files">
      <UniqueIdentifier>{67DA6AB6-F800-4c08-8B7A-83BB121AAD01}</UniqueIdentifier>
      <Extensions>rc;ico;cur;bmp;dlg;rc2;rct;bin;rgs;gif;jpg;jpeg;jpe;resx;tiff;tif;png;wav;mfcribbon-ms</Extensions>
    </Filter>
    <Filter Include="Util">
      <UniqueIdentifier>{dbd65a81-0b6e-4238-a8f8-f46307a48e2e}</UniqueIdentifier>
    </Filter>
    <Filter Include="Engine">
      <UniqueIdentifier>{38a4961a-7a41-48ec-82cd-7a8d10f061c9}</UniqueIdentifier>
    </Filter>
    <Filter Include="Levels">
      <UniqueIdentifier>{9f6255a1-cac4-4649-b18d-4663db5a580a}</UniqueIdentifier>
    </Filter>
    <Filter Include="Game Objects">
      <UniqueIdentifier>{36f72b4f-6586-4738-bd08-9bfab65b78f3}</UniqueIdentifier>
    </Filter>
    <Filter Include="Game Objects\Prefabs">
      <UniqueIdentifier>{90feb5da-5853-46a8-938f-c08407e12e39}</UniqueIdentifier>
    </Filter>
    <Filter Include="Levels\Testing">
      <UniqueIdentifier>{41e73fff-b63b-4e16-9852-d5ddbf632934}</UniqueIdentifier>
    </Filter>
    <Filter Include="Engine\Interfaces">
      <UniqueIdentifier>{3f4edc16-de64-488f-8e56-3cb17c26e0d9}</UniqueIdentifier>
    </Filter>
    <Filter Include="Engine\Util">
      <UniqueIdentifier>{04b108e2-7a80-46bd-81b5-5fcba4857d17}</UniqueIdentifier>
    </Filter>
  </ItemGroup>
  <ItemGroup>
    <ClCompile Include="Main.cpp">
      <Filter>Source Files</Filter>
    </ClCompile>
    <ClCompile Include="SceneManager.cpp">
      <Filter>Engine</Filter>
    </ClCompile>
    <ClCompile Include="Scene.cpp">
      <Filter>Engine</Filter>
    </ClCompile>
    <ClCompile Include="InputManager.cpp">
      <Filter>Util</Filter>
    </ClCompile>
    <ClCompile Include="FPSCamera.cpp">
      <Filter>Game Objects\Prefabs</Filter>
    </ClCompile>
    <ClCompile Include="Texture2D.cpp">
      <Filter>Util</Filter>
    </ClCompile>
    <ClCompile Include="Spotlight.cpp">
      <Filter>Game Objects\Prefabs</Filter>
    </ClCompile>
    <ClCompile Include="TestObject.cpp">
      <Filter>Levels\Testing</Filter>
    </ClCompile>
    <ClCompile Include="TestScene.cpp">
      <Filter>Levels\Testing</Filter>
    </ClCompile>
    <ClCompile Include="TestObject2.cpp">
      <Filter>Levels\Testing</Filter>
    </ClCompile>
    <ClCompile Include="TriggerTest.cpp">
      <Filter>Levels\Testing</Filter>
    </ClCompile>
    <ClCompile Include="Plane.cpp">
      <Filter>Game Objects\Prefabs</Filter>
    </ClCompile>
    <ClCompile Include="BoundingBox.cpp">
      <Filter>Engine\Util</Filter>
    </ClCompile>
    <ClCompile Include="BoxFace.cpp">
      <Filter>Engine\Util</Filter>
    </ClCompile>
    <ClCompile Include="Camera.cpp">
      <Filter>Engine\Interfaces</Filter>
    </ClCompile>
    <ClCompile Include="DisplayableObject.cpp">
      <Filter>Engine\Interfaces</Filter>
    </ClCompile>
    <ClCompile Include="Light.cpp">
      <Filter>Engine\Interfaces</Filter>
    </ClCompile>
    <ClCompile Include="SkyBox.cpp">
      <Filter>Engine\Interfaces</Filter>
    </ClCompile>
    <ClCompile Include="PhsyicsCamParent.cpp">
      <Filter>Game Objects\Prefabs</Filter>
    </ClCompile>
    <ClCompile Include="PhysicsCam.cpp">
      <Filter>Game Objects\Prefabs</Filter>
    </ClCompile>
  </ItemGroup>
  <ItemGroup>
    <ClInclude Include="Colour.h">
      <Filter>Util</Filter>
    </ClInclude>
    <ClInclude Include="SceneManager.h">
      <Filter>Engine</Filter>
    </ClInclude>
    <ClInclude Include="Scene.h">
      <Filter>Engine</Filter>
    </ClInclude>
    <ClInclude Include="Vec2.h">
      <Filter>Util</Filter>
    </ClInclude>
    <ClInclude Include="InputManager.h">
      <Filter>Util</Filter>
    </ClInclude>
    <ClInclude Include="Vec3.h">
      <Filter>Util</Filter>
    </ClInclude>
    <ClInclude Include="MathHelp.h">
      <Filter>Util</Filter>
    </ClInclude>
    <ClInclude Include="FPSCamera.h">
      <Filter>Game Objects\Prefabs</Filter>
    </ClInclude>
    <ClInclude Include="Texture2D.h">
      <Filter>Util</Filter>
    </ClInclude>
    <ClInclude Include="Spotlight.h">
      <Filter>Game Objects\Prefabs</Filter>
    </ClInclude>
    <ClInclude Include="TestObject2.h">
      <Filter>Levels\Testing</Filter>
    </ClInclude>
    <ClInclude Include="TriggerTest.h">
      <Filter>Levels\Testing</Filter>
    </ClInclude>
    <ClInclude Include="TestObject.h">
      <Filter>Levels\Testing</Filter>
    </ClInclude>
    <ClInclude Include="TestScene.h">
      <Filter>Levels\Testing</Filter>
    </ClInclude>
    <ClInclude Include="Plane.h">
      <Filter>Game Objects\Prefabs</Filter>
    </ClInclude>
    <ClInclude Include="BoundingBox.h">
      <Filter>Engine\Util</Filter>
    </ClInclude>
    <ClInclude Include="BoxFace.h">
      <Filter>Engine\Util</Filter>
    </ClInclude>
    <ClInclude Include="Camera.h">
      <Filter>Engine\Interfaces</Filter>
    </ClInclude>
    <ClInclude Include="DisplayableObject.h">
      <Filter>Engine\Interfaces</Filter>
    </ClInclude>
    <ClInclude Include="Light.h">
      <Filter>Engine\Interfaces</Filter>
    </ClInclude>
    <ClInclude Include="SkyBox.h">
      <Filter>Engine\Interfaces</Filter>
    </ClInclude>
    <ClInclude Include="PhsyicsCamParent.h">
      <Filter>Game Objects\Prefabs</Filter>
    </ClInclude>
    <ClInclude Include="PhysicsCam.h">
      <Filter>Game Objects\Prefabs</Filter>
    </ClInclude>
  </ItemGroup>
</Project>